
Microsoft Visual Studio Solution File, Format Version 12.00
# Visual Studio 15
VisualStudioVersion = 15.0.27703.2000
MinimumVisualStudioVersion = 10.0.40219.1
Project("{FAE04EC0-301F-11D3-BF4B-00C04F79EFBC}") = "TheBrainTest1_0", "TheBrainTest1.0\TheBrainTest1_0.csproj", "{A39D8CB2-4949-4CED-95D5-5DEEC50D546C}"
EndProject
Global
	GlobalSection(SolutionConfigurationPlatforms) = preSolution
		Debug|Any CPU = Debug|Any CPU
		Release|Any CPU = Release|Any CPU
	EndGlobalSection
	GlobalSection(ProjectConfigurationPlatforms) = postSolution
		{A39D8CB2-4949-4CED-95D5-5DEEC50D546C}.Debug|Any CPU.ActiveCfg = Debug|Any CPU
		{A39D8CB2-4949-4CED-95D5-5DEEC50D546C}.Debug|Any CPU.Build.0 = Debug|Any CPU
		{A39D8CB2-4949-4CED-95D5-5DEEC50D546C}.Release|Any CPU.ActiveCfg = Release|Any CPU
		{A39D8CB2-4949-4CED-95D5-5DEEC50D546C}.Release|Any CPU.Build.0 = Release|Any CPU
	EndGlobalSection
	GlobalSection(SolutionProperties) = preSolution
		HideSolutionNode = FALSE
	EndGlobalSection
	GlobalSection(ExtensibilityGlobals) = postSolution
		SolutionGuid = {3181C432-0CC2-4F38-BB20-15B67E093004}
	EndGlobalSection
EndGlobal
